// !$*UTF8*$!
{
	archiveVersion = 1;
	classes = {
	};
	objectVersion = 56;
	objects = {

/* Begin PBXBuildFile section */
		0C4BB14429C36E9A00CB1C2F /* TabbarController.swift in Sources */ = {isa = PBXBuildFile; fileRef = 0C4BB14329C36E9A00CB1C2F /* TabbarController.swift */; };
		0C4BB14729C3734500CB1C2F /* CafeControllers.swift in Sources */ = {isa = PBXBuildFile; fileRef = 0C4BB14629C3734500CB1C2F /* CafeControllers.swift */; };
		0C4BB14E29C37AE400CB1C2F /* VisitsController.swift in Sources */ = {isa = PBXBuildFile; fileRef = 0C4BB14D29C37AE400CB1C2F /* VisitsController.swift */; };
		0C4BB15029C37AF100CB1C2F /* VisitController.swift in Sources */ = {isa = PBXBuildFile; fileRef = 0C4BB14F29C37AF100CB1C2F /* VisitController.swift */; };
		0C4BB15229C37B0400CB1C2F /* CreateVisitController.swift in Sources */ = {isa = PBXBuildFile; fileRef = 0C4BB15129C37B0400CB1C2F /* CreateVisitController.swift */; };
		0C4BB15429C37B1800CB1C2F /* CafeProfileController.swift in Sources */ = {isa = PBXBuildFile; fileRef = 0C4BB15329C37B1800CB1C2F /* CafeProfileController.swift */; };
		0C4BB15629C37B2900CB1C2F /* SettingsController.swift in Sources */ = {isa = PBXBuildFile; fileRef = 0C4BB15529C37B2900CB1C2F /* SettingsController.swift */; };
		0C4BB15929C37D9300CB1C2F /* CustomSegmentControll.swift in Sources */ = {isa = PBXBuildFile; fileRef = 0C4BB15829C37D9300CB1C2F /* CustomSegmentControll.swift */; };
		0C4BB15C29C37DB200CB1C2F /* Segmentable.swift in Sources */ = {isa = PBXBuildFile; fileRef = 0C4BB15B29C37DB200CB1C2F /* Segmentable.swift */; };
		0C4BB15E29C617F200CB1C2F /* CafeControllerDisplayTypeEnum.swift in Sources */ = {isa = PBXBuildFile; fileRef = 0C4BB15D29C617F200CB1C2F /* CafeControllerDisplayTypeEnum.swift */; };
		0C9F2C8A29BC9A04009C4723 /* AppDelegate.swift in Sources */ = {isa = PBXBuildFile; fileRef = 0C9F2C8929BC9A04009C4723 /* AppDelegate.swift */; };
		0C9F2C8C29BC9A04009C4723 /* SceneDelegate.swift in Sources */ = {isa = PBXBuildFile; fileRef = 0C9F2C8B29BC9A04009C4723 /* SceneDelegate.swift */; };
		0C9F2C9129BC9A04009C4723 /* Main.storyboard in Resources */ = {isa = PBXBuildFile; fileRef = 0C9F2C8F29BC9A04009C4723 /* Main.storyboard */; };
		0C9F2C9329BC9A05009C4723 /* Assets.xcassets in Resources */ = {isa = PBXBuildFile; fileRef = 0C9F2C9229BC9A05009C4723 /* Assets.xcassets */; };
		0C9F2C9629BC9A05009C4723 /* LaunchScreen.storyboard in Resources */ = {isa = PBXBuildFile; fileRef = 0C9F2C9429BC9A05009C4723 /* LaunchScreen.storyboard */; };
		0C9F2CA029BC9A5C009C4723 /* BaseViewController.swift in Sources */ = {isa = PBXBuildFile; fileRef = 0C9F2C9F29BC9A5C009C4723 /* BaseViewController.swift */; };
		0C9F2CA329BC9A89009C4723 /* SnapKit in Frameworks */ = {isa = PBXBuildFile; productRef = 0C9F2CA229BC9A89009C4723 /* SnapKit */; };
		0C9F2CA729BC9B2A009C4723 /* ViewBackgroundColorEnum.swift in Sources */ = {isa = PBXBuildFile; fileRef = 0C9F2CA629BC9B2A009C4723 /* ViewBackgroundColorEnum.swift */; };
		0C9F2CAA29BCA0EF009C4723 /* UIViewControllerExtention.swift in Sources */ = {isa = PBXBuildFile; fileRef = 0C9F2CA929BCA0EF009C4723 /* UIViewControllerExtention.swift */; };
		0C9F2CAC29BCA13D009C4723 /* ControllersListEnum.swift in Sources */ = {isa = PBXBuildFile; fileRef = 0C9F2CAB29BCA13D009C4723 /* ControllersListEnum.swift */; };
		0C9F2CAF29BCA527009C4723 /* Environment.swift in Sources */ = {isa = PBXBuildFile; fileRef = 0C9F2CAE29BCA527009C4723 /* Environment.swift */; };
		0C9F2CB229BCA5DE009C4723 /* LoginViewController.swift in Sources */ = {isa = PBXBuildFile; fileRef = 0C9F2CB129BCA5DE009C4723 /* LoginViewController.swift */; };
		0C9F2CB529BCFC7B009C4723 /* RegistrationViewController.swift in Sources */ = {isa = PBXBuildFile; fileRef = 0C9F2CB429BCFC7B009C4723 /* RegistrationViewController.swift */; };
		0C9F2CB729BD00EF009C4723 /* UITextFieldExtention.swift in Sources */ = {isa = PBXBuildFile; fileRef = 0C9F2CB629BD00EF009C4723 /* UITextFieldExtention.swift */; };
		0C9F2CB929BD03F3009C4723 /* UITextFieldTypeEnum.swift in Sources */ = {isa = PBXBuildFile; fileRef = 0C9F2CB829BD03F3009C4723 /* UITextFieldTypeEnum.swift */; };
		0C9F2CC429BDFF8E009C4723 /* SelectKitchenCoollectionViewCell.swift in Sources */ = {isa = PBXBuildFile; fileRef = 0C9F2CC329BDFF8E009C4723 /* SelectKitchenCoollectionViewCell.swift */; };
		0C9F2CF929C2B17A009C4723 /* TasteHuntProvider.swift in Sources */ = {isa = PBXBuildFile; fileRef = 0C9F2CF829C2B17A009C4723 /* TasteHuntProvider.swift */; };
		0C9F2CFB29C2B189009C4723 /* TasteHuntAPI.swift in Sources */ = {isa = PBXBuildFile; fileRef = 0C9F2CFA29C2B189009C4723 /* TasteHuntAPI.swift */; };
		0C9F2CFD29C30BDA009C4723 /* NameExistingModel.swift in Sources */ = {isa = PBXBuildFile; fileRef = 0C9F2CFC29C30BDA009C4723 /* NameExistingModel.swift */; };
		0C9F2CFF29C30CC2009C4723 /* GuestModel.swift in Sources */ = {isa = PBXBuildFile; fileRef = 0C9F2CFE29C30CC2009C4723 /* GuestModel.swift */; };
		0CBBBAC629C33AE0000BE862 /* GuestPublicModel.swift in Sources */ = {isa = PBXBuildFile; fileRef = 0CBBBAC529C33AE0000BE862 /* GuestPublicModel.swift */; };
		0CC62AC129C3115C00B13A5C /* AccessTokenModel.swift in Sources */ = {isa = PBXBuildFile; fileRef = 0CC62AC029C3115C00B13A5C /* AccessTokenModel.swift */; };
		0CC62AC329C329DB00B13A5C /* KitchenTypeEnum.swift in Sources */ = {isa = PBXBuildFile; fileRef = 0CC62AC229C329DB00B13A5C /* KitchenTypeEnum.swift */; };
		0CFFA15729C34EC7007051B1 /* SDWebImage in Frameworks */ = {isa = PBXBuildFile; productRef = 0CFFA15629C34EC7007051B1 /* SDWebImage */; };
		0F558DC8686DD02FC904EF7C /* Pods_TasteHuntClient.framework in Frameworks */ = {isa = PBXBuildFile; fileRef = 216CF350FB8165ED285D87CF /* Pods_TasteHuntClient.framework */; };
/* End PBXBuildFile section */

/* Begin PBXFileReference section */
		0C4BB14329C36E9A00CB1C2F /* TabbarController.swift */ = {isa = PBXFileReference; lastKnownFileType = sourcecode.swift; path = TabbarController.swift; sourceTree = "<group>"; };
		0C4BB14629C3734500CB1C2F /* CafeControllers.swift */ = {isa = PBXFileReference; lastKnownFileType = sourcecode.swift; path = CafeControllers.swift; sourceTree = "<group>"; };
		0C4BB14D29C37AE400CB1C2F /* VisitsController.swift */ = {isa = PBXFileReference; lastKnownFileType = sourcecode.swift; path = VisitsController.swift; sourceTree = "<group>"; };
		0C4BB14F29C37AF100CB1C2F /* VisitController.swift */ = {isa = PBXFileReference; lastKnownFileType = sourcecode.swift; path = VisitController.swift; sourceTree = "<group>"; };
		0C4BB15129C37B0400CB1C2F /* CreateVisitController.swift */ = {isa = PBXFileReference; lastKnownFileType = sourcecode.swift; path = CreateVisitController.swift; sourceTree = "<group>"; };
		0C4BB15329C37B1800CB1C2F /* CafeProfileController.swift */ = {isa = PBXFileReference; lastKnownFileType = sourcecode.swift; path = CafeProfileController.swift; sourceTree = "<group>"; };
		0C4BB15529C37B2900CB1C2F /* SettingsController.swift */ = {isa = PBXFileReference; lastKnownFileType = sourcecode.swift; path = SettingsController.swift; sourceTree = "<group>"; };
		0C4BB15829C37D9300CB1C2F /* CustomSegmentControll.swift */ = {isa = PBXFileReference; lastKnownFileType = sourcecode.swift; path = CustomSegmentControll.swift; sourceTree = "<group>"; };
		0C4BB15B29C37DB200CB1C2F /* Segmentable.swift */ = {isa = PBXFileReference; lastKnownFileType = sourcecode.swift; path = Segmentable.swift; sourceTree = "<group>"; };
		0C4BB15D29C617F200CB1C2F /* CafeControllerDisplayTypeEnum.swift */ = {isa = PBXFileReference; lastKnownFileType = sourcecode.swift; path = CafeControllerDisplayTypeEnum.swift; sourceTree = "<group>"; };
		0C9F2C8629BC9A04009C4723 /* TasteHuntClient.app */ = {isa = PBXFileReference; explicitFileType = wrapper.application; includeInIndex = 0; path = TasteHuntClient.app; sourceTree = BUILT_PRODUCTS_DIR; };
		0C9F2C8929BC9A04009C4723 /* AppDelegate.swift */ = {isa = PBXFileReference; lastKnownFileType = sourcecode.swift; path = AppDelegate.swift; sourceTree = "<group>"; };
		0C9F2C8B29BC9A04009C4723 /* SceneDelegate.swift */ = {isa = PBXFileReference; lastKnownFileType = sourcecode.swift; path = SceneDelegate.swift; sourceTree = "<group>"; };
		0C9F2C9029BC9A04009C4723 /* Base */ = {isa = PBXFileReference; lastKnownFileType = file.storyboard; name = Base; path = Base.lproj/Main.storyboard; sourceTree = "<group>"; };
		0C9F2C9229BC9A05009C4723 /* Assets.xcassets */ = {isa = PBXFileReference; lastKnownFileType = folder.assetcatalog; path = Assets.xcassets; sourceTree = "<group>"; };
		0C9F2C9529BC9A05009C4723 /* Base */ = {isa = PBXFileReference; lastKnownFileType = file.storyboard; name = Base; path = Base.lproj/LaunchScreen.storyboard; sourceTree = "<group>"; };
		0C9F2C9729BC9A05009C4723 /* Info.plist */ = {isa = PBXFileReference; lastKnownFileType = text.plist.xml; path = Info.plist; sourceTree = "<group>"; };
		0C9F2C9F29BC9A5C009C4723 /* BaseViewController.swift */ = {isa = PBXFileReference; lastKnownFileType = sourcecode.swift; path = BaseViewController.swift; sourceTree = "<group>"; };
		0C9F2CA629BC9B2A009C4723 /* ViewBackgroundColorEnum.swift */ = {isa = PBXFileReference; lastKnownFileType = sourcecode.swift; path = ViewBackgroundColorEnum.swift; sourceTree = "<group>"; };
		0C9F2CA929BCA0EF009C4723 /* UIViewControllerExtention.swift */ = {isa = PBXFileReference; lastKnownFileType = sourcecode.swift; path = UIViewControllerExtention.swift; sourceTree = "<group>"; };
		0C9F2CAB29BCA13D009C4723 /* ControllersListEnum.swift */ = {isa = PBXFileReference; lastKnownFileType = sourcecode.swift; path = ControllersListEnum.swift; sourceTree = "<group>"; };
		0C9F2CAE29BCA527009C4723 /* Environment.swift */ = {isa = PBXFileReference; lastKnownFileType = sourcecode.swift; path = Environment.swift; sourceTree = "<group>"; };
		0C9F2CB129BCA5DE009C4723 /* LoginViewController.swift */ = {isa = PBXFileReference; lastKnownFileType = sourcecode.swift; path = LoginViewController.swift; sourceTree = "<group>"; };
		0C9F2CB429BCFC7B009C4723 /* RegistrationViewController.swift */ = {isa = PBXFileReference; lastKnownFileType = sourcecode.swift; path = RegistrationViewController.swift; sourceTree = "<group>"; };
		0C9F2CB629BD00EF009C4723 /* UITextFieldExtention.swift */ = {isa = PBXFileReference; lastKnownFileType = sourcecode.swift; path = UITextFieldExtention.swift; sourceTree = "<group>"; };
		0C9F2CB829BD03F3009C4723 /* UITextFieldTypeEnum.swift */ = {isa = PBXFileReference; lastKnownFileType = sourcecode.swift; path = UITextFieldTypeEnum.swift; sourceTree = "<group>"; };
		0C9F2CC329BDFF8E009C4723 /* SelectKitchenCoollectionViewCell.swift */ = {isa = PBXFileReference; lastKnownFileType = sourcecode.swift; path = SelectKitchenCoollectionViewCell.swift; sourceTree = "<group>"; };
		0C9F2CF829C2B17A009C4723 /* TasteHuntProvider.swift */ = {isa = PBXFileReference; lastKnownFileType = sourcecode.swift; path = TasteHuntProvider.swift; sourceTree = "<group>"; };
		0C9F2CFA29C2B189009C4723 /* TasteHuntAPI.swift */ = {isa = PBXFileReference; lastKnownFileType = sourcecode.swift; path = TasteHuntAPI.swift; sourceTree = "<group>"; };
		0C9F2CFC29C30BDA009C4723 /* NameExistingModel.swift */ = {isa = PBXFileReference; lastKnownFileType = sourcecode.swift; path = NameExistingModel.swift; sourceTree = "<group>"; };
		0C9F2CFE29C30CC2009C4723 /* GuestModel.swift */ = {isa = PBXFileReference; lastKnownFileType = sourcecode.swift; path = GuestModel.swift; sourceTree = "<group>"; };
		0CBBBAC529C33AE0000BE862 /* GuestPublicModel.swift */ = {isa = PBXFileReference; lastKnownFileType = sourcecode.swift; path = GuestPublicModel.swift; sourceTree = "<group>"; };
		0CC62AC029C3115C00B13A5C /* AccessTokenModel.swift */ = {isa = PBXFileReference; lastKnownFileType = sourcecode.swift; path = AccessTokenModel.swift; sourceTree = "<group>"; };
		0CC62AC229C329DB00B13A5C /* KitchenTypeEnum.swift */ = {isa = PBXFileReference; lastKnownFileType = sourcecode.swift; path = KitchenTypeEnum.swift; sourceTree = "<group>"; };
		216CF350FB8165ED285D87CF /* Pods_TasteHuntClient.framework */ = {isa = PBXFileReference; explicitFileType = wrapper.framework; includeInIndex = 0; path = Pods_TasteHuntClient.framework; sourceTree = BUILT_PRODUCTS_DIR; };
		D7893E71891A1F6B6C84A13E /* Pods-TasteHuntClient.release.xcconfig */ = {isa = PBXFileReference; includeInIndex = 1; lastKnownFileType = text.xcconfig; name = "Pods-TasteHuntClient.release.xcconfig"; path = "Target Support Files/Pods-TasteHuntClient/Pods-TasteHuntClient.release.xcconfig"; sourceTree = "<group>"; };
		E57B60CDB7BB9FA14747261C /* Pods-TasteHuntClient.debug.xcconfig */ = {isa = PBXFileReference; includeInIndex = 1; lastKnownFileType = text.xcconfig; name = "Pods-TasteHuntClient.debug.xcconfig"; path = "Target Support Files/Pods-TasteHuntClient/Pods-TasteHuntClient.debug.xcconfig"; sourceTree = "<group>"; };
/* End PBXFileReference section */

/* Begin PBXFrameworksBuildPhase section */
		0C9F2C8329BC9A04009C4723 /* Frameworks */ = {
			isa = PBXFrameworksBuildPhase;
			buildActionMask = 2147483647;
			files = (
				0CFFA15729C34EC7007051B1 /* SDWebImage in Frameworks */,
				0C9F2CA329BC9A89009C4723 /* SnapKit in Frameworks */,
				0F558DC8686DD02FC904EF7C /* Pods_TasteHuntClient.framework in Frameworks */,
			);
			runOnlyForDeploymentPostprocessing = 0;
		};
/* End PBXFrameworksBuildPhase section */

/* Begin PBXGroup section */
		0C4BB14229C36E6800CB1C2F /* TabbarController */ = {
			isa = PBXGroup;
			children = (
				0C4BB14329C36E9A00CB1C2F /* TabbarController.swift */,
			);
			path = TabbarController;
			sourceTree = "<group>";
		};
		0C4BB14529C372DC00CB1C2F /* CafeController */ = {
			isa = PBXGroup;
			children = (
				0C4BB14629C3734500CB1C2F /* CafeControllers.swift */,
			);
			path = CafeController;
			sourceTree = "<group>";
		};
		0C4BB14829C37A4400CB1C2F /* VisitsController */ = {
			isa = PBXGroup;
			children = (
				0C4BB14D29C37AE400CB1C2F /* VisitsController.swift */,
			);
			path = VisitsController;
			sourceTree = "<group>";
		};
		0C4BB14929C37A5D00CB1C2F /* SettingsController */ = {
			isa = PBXGroup;
			children = (
				0C4BB15529C37B2900CB1C2F /* SettingsController.swift */,
			);
			path = SettingsController;
			sourceTree = "<group>";
		};
		0C4BB14A29C37A7700CB1C2F /* CreateVisitController */ = {
			isa = PBXGroup;
			children = (
				0C4BB15129C37B0400CB1C2F /* CreateVisitController.swift */,
			);
			path = CreateVisitController;
			sourceTree = "<group>";
		};
		0C4BB14B29C37A8700CB1C2F /* VisitController */ = {
			isa = PBXGroup;
			children = (
				0C4BB14F29C37AF100CB1C2F /* VisitController.swift */,
			);
			path = VisitController;
			sourceTree = "<group>";
		};
		0C4BB14C29C37AB000CB1C2F /* CafeProfileController */ = {
			isa = PBXGroup;
			children = (
				0C4BB15329C37B1800CB1C2F /* CafeProfileController.swift */,
			);
			path = CafeProfileController;
			sourceTree = "<group>";
		};
		0C4BB15729C37D7500CB1C2F /* Views */ = {
			isa = PBXGroup;
			children = (
				0C4BB15829C37D9300CB1C2F /* CustomSegmentControll.swift */,
			);
			path = Views;
			sourceTree = "<group>";
		};
		0C4BB15A29C37D9A00CB1C2F /* Protocols */ = {
			isa = PBXGroup;
			children = (
				0C4BB15B29C37DB200CB1C2F /* Segmentable.swift */,
			);
			path = Protocols;
			sourceTree = "<group>";
		};
		0C4BB15F29C631C400CB1C2F /* CafeTableViewCell */ = {
			isa = PBXGroup;
			children = (
			);
			path = CafeTableViewCell;
			sourceTree = "<group>";
		};
		0C9F2C7D29BC9A04009C4723 = {
			isa = PBXGroup;
			children = (
				0C9F2C8829BC9A04009C4723 /* TasteHuntClient */,
				0C9F2C8729BC9A04009C4723 /* Products */,
				73DC992C1121670431CB11B8 /* Pods */,
				EA4E3F078CB6A65670EE5A58 /* Frameworks */,
			);
			sourceTree = "<group>";
		};
		0C9F2C8729BC9A04009C4723 /* Products */ = {
			isa = PBXGroup;
			children = (
				0C9F2C8629BC9A04009C4723 /* TasteHuntClient.app */,
			);
			name = Products;
			sourceTree = "<group>";
		};
		0C9F2C8829BC9A04009C4723 /* TasteHuntClient */ = {
			isa = PBXGroup;
			children = (
				0C4BB15A29C37D9A00CB1C2F /* Protocols */,
				0C4BB15729C37D7500CB1C2F /* Views */,
				0C9F2CF629C2B161009C4723 /* Network */,
				0C9F2CAD29BCA514009C4723 /* Helpers */,
				0C9F2CA429BC9B05009C4723 /* Enums */,
				0C9F2CBE29BDFDFD009C4723 /* Cells */,
				0C9F2C9D29BC9A0A009C4723 /* Controllers */,
				0C9F2C8929BC9A04009C4723 /* AppDelegate.swift */,
				0C9F2C8B29BC9A04009C4723 /* SceneDelegate.swift */,
				0C9F2C8F29BC9A04009C4723 /* Main.storyboard */,
				0C9F2C9229BC9A05009C4723 /* Assets.xcassets */,
				0C9F2C9429BC9A05009C4723 /* LaunchScreen.storyboard */,
				0C9F2C9729BC9A05009C4723 /* Info.plist */,
			);
			path = TasteHuntClient;
			sourceTree = "<group>";
		};
		0C9F2C9D29BC9A0A009C4723 /* Controllers */ = {
			isa = PBXGroup;
			children = (
				0C9F2C9E29BC9A1A009C4723 /* BaseController */,
				0C9F2CB029BCA5AB009C4723 /* LoginViewController */,
				0C9F2CB329BCFC5A009C4723 /* RegistrationController */,
				0C4BB14229C36E6800CB1C2F /* TabbarController */,
				0C4BB14829C37A4400CB1C2F /* VisitsController */,
				0C4BB14B29C37A8700CB1C2F /* VisitController */,
				0C4BB14A29C37A7700CB1C2F /* CreateVisitController */,
				0C4BB14529C372DC00CB1C2F /* CafeController */,
				0C4BB14C29C37AB000CB1C2F /* CafeProfileController */,
				0C4BB14929C37A5D00CB1C2F /* SettingsController */,
			);
			path = Controllers;
			sourceTree = "<group>";
		};
		0C9F2C9E29BC9A1A009C4723 /* BaseController */ = {
			isa = PBXGroup;
			children = (
				0C9F2C9F29BC9A5C009C4723 /* BaseViewController.swift */,
			);
			path = BaseController;
			sourceTree = "<group>";
		};
		0C9F2CA429BC9B05009C4723 /* Enums */ = {
			isa = PBXGroup;
			children = (
				0C9F2CA629BC9B2A009C4723 /* ViewBackgroundColorEnum.swift */,
				0C9F2CAB29BCA13D009C4723 /* ControllersListEnum.swift */,
				0C9F2CB829BD03F3009C4723 /* UITextFieldTypeEnum.swift */,
				0CC62AC229C329DB00B13A5C /* KitchenTypeEnum.swift */,
				0C4BB15D29C617F200CB1C2F /* CafeControllerDisplayTypeEnum.swift */,
			);
			path = Enums;
			sourceTree = "<group>";
		};
		0C9F2CA829BCA0DC009C4723 /* Extentions */ = {
			isa = PBXGroup;
			children = (
				0C9F2CA929BCA0EF009C4723 /* UIViewControllerExtention.swift */,
				0C9F2CB629BD00EF009C4723 /* UITextFieldExtention.swift */,
			);
			path = Extentions;
			sourceTree = "<group>";
		};
		0C9F2CAD29BCA514009C4723 /* Helpers */ = {
			isa = PBXGroup;
			children = (
				0C9F2CA829BCA0DC009C4723 /* Extentions */,
				0C9F2CAE29BCA527009C4723 /* Environment.swift */,
			);
			path = Helpers;
			sourceTree = "<group>";
		};
		0C9F2CB029BCA5AB009C4723 /* LoginViewController */ = {
			isa = PBXGroup;
			children = (
				0C9F2CB129BCA5DE009C4723 /* LoginViewController.swift */,
			);
			path = LoginViewController;
			sourceTree = "<group>";
		};
		0C9F2CB329BCFC5A009C4723 /* RegistrationController */ = {
			isa = PBXGroup;
			children = (
				0C9F2CB429BCFC7B009C4723 /* RegistrationViewController.swift */,
			);
			path = RegistrationController;
			sourceTree = "<group>";
		};
		0C9F2CBE29BDFDFD009C4723 /* Cells */ = {
			isa = PBXGroup;
			children = (
				0C4BB15F29C631C400CB1C2F /* CafeTableViewCell */,
				0C9F2CC229BDFF69009C4723 /* SelectKitchenCollectionViewCell */,
			);
			path = Cells;
			sourceTree = "<group>";
		};
		0C9F2CC229BDFF69009C4723 /* SelectKitchenCollectionViewCell */ = {
			isa = PBXGroup;
			children = (
				0C9F2CC329BDFF8E009C4723 /* SelectKitchenCoollectionViewCell.swift */,
			);
			path = SelectKitchenCollectionViewCell;
			sourceTree = "<group>";
		};
		0C9F2CF629C2B161009C4723 /* Network */ = {
			isa = PBXGroup;
			children = (
				0C9F2CF729C2B169009C4723 /* Models */,
				0C9F2CF829C2B17A009C4723 /* TasteHuntProvider.swift */,
				0C9F2CFA29C2B189009C4723 /* TasteHuntAPI.swift */,
			);
			path = Network;
			sourceTree = "<group>";
		};
		0C9F2CF729C2B169009C4723 /* Models */ = {
			isa = PBXGroup;
			children = (
				0C9F2CFC29C30BDA009C4723 /* NameExistingModel.swift */,
				0C9F2CFE29C30CC2009C4723 /* GuestModel.swift */,
				0CC62AC029C3115C00B13A5C /* AccessTokenModel.swift */,
				0CBBBAC529C33AE0000BE862 /* GuestPublicModel.swift */,
			);
			path = Models;
			sourceTree = "<group>";
		};
		73DC992C1121670431CB11B8 /* Pods */ = {
			isa = PBXGroup;
			children = (
				E57B60CDB7BB9FA14747261C /* Pods-TasteHuntClient.debug.xcconfig */,
				D7893E71891A1F6B6C84A13E /* Pods-TasteHuntClient.release.xcconfig */,
			);
			path = Pods;
			sourceTree = "<group>";
		};
		EA4E3F078CB6A65670EE5A58 /* Frameworks */ = {
			isa = PBXGroup;
			children = (
				216CF350FB8165ED285D87CF /* Pods_TasteHuntClient.framework */,
			);
			name = Frameworks;
			sourceTree = "<group>";
		};
/* End PBXGroup section */

/* Begin PBXNativeTarget section */
		0C9F2C8529BC9A04009C4723 /* TasteHuntClient */ = {
			isa = PBXNativeTarget;
			buildConfigurationList = 0C9F2C9A29BC9A05009C4723 /* Build configuration list for PBXNativeTarget "TasteHuntClient" */;
			buildPhases = (
				C7313A03D9319AB4D07C7B3E /* [CP] Check Pods Manifest.lock */,
				0C9F2C8229BC9A04009C4723 /* Sources */,
				0C9F2C8329BC9A04009C4723 /* Frameworks */,
				0C9F2C8429BC9A04009C4723 /* Resources */,
				60EB282664A2C1D2FE4BA4CE /* [CP] Embed Pods Frameworks */,
				054E6A5C7DEA740CAB8410EB /* [CP] Copy Pods Resources */,
			);
			buildRules = (
			);
			dependencies = (
			);
			name = TasteHuntClient;
			packageProductDependencies = (
				0C9F2CA229BC9A89009C4723 /* SnapKit */,
				0CFFA15629C34EC7007051B1 /* SDWebImage */,
			);
			productName = TasteHuntClient;
			productReference = 0C9F2C8629BC9A04009C4723 /* TasteHuntClient.app */;
			productType = "com.apple.product-type.application";
		};
/* End PBXNativeTarget section */

/* Begin PBXProject section */
		0C9F2C7E29BC9A04009C4723 /* Project object */ = {
			isa = PBXProject;
			attributes = {
				BuildIndependentTargetsInParallel = 1;
				LastSwiftUpdateCheck = 1420;
				LastUpgradeCheck = 1420;
				TargetAttributes = {
					0C9F2C8529BC9A04009C4723 = {
						CreatedOnToolsVersion = 14.2;
					};
				};
			};
			buildConfigurationList = 0C9F2C8129BC9A04009C4723 /* Build configuration list for PBXProject "TasteHuntClient" */;
			compatibilityVersion = "Xcode 14.0";
			developmentRegion = en;
			hasScannedForEncodings = 0;
			knownRegions = (
				en,
				Base,
			);
			mainGroup = 0C9F2C7D29BC9A04009C4723;
			packageReferences = (
				0C9F2CA129BC9A89009C4723 /* XCRemoteSwiftPackageReference "SnapKit" */,
				0CFFA15529C34EC7007051B1 /* XCRemoteSwiftPackageReference "SDWebImage" */,
			);
			productRefGroup = 0C9F2C8729BC9A04009C4723 /* Products */;
			projectDirPath = "";
			projectRoot = "";
			targets = (
				0C9F2C8529BC9A04009C4723 /* TasteHuntClient */,
			);
		};
/* End PBXProject section */

/* Begin PBXResourcesBuildPhase section */
		0C9F2C8429BC9A04009C4723 /* Resources */ = {
			isa = PBXResourcesBuildPhase;
			buildActionMask = 2147483647;
			files = (
				0C9F2C9629BC9A05009C4723 /* LaunchScreen.storyboard in Resources */,
				0C9F2C9329BC9A05009C4723 /* Assets.xcassets in Resources */,
				0C9F2C9129BC9A04009C4723 /* Main.storyboard in Resources */,
			);
			runOnlyForDeploymentPostprocessing = 0;
		};
/* End PBXResourcesBuildPhase section */

/* Begin PBXShellScriptBuildPhase section */
		054E6A5C7DEA740CAB8410EB /* [CP] Copy Pods Resources */ = {
			isa = PBXShellScriptBuildPhase;
			buildActionMask = 2147483647;
			files = (
			);
			inputFileListPaths = (
				"${PODS_ROOT}/Target Support Files/Pods-TasteHuntClient/Pods-TasteHuntClient-resources-${CONFIGURATION}-input-files.xcfilelist",
			);
			name = "[CP] Copy Pods Resources";
			outputFileListPaths = (
				"${PODS_ROOT}/Target Support Files/Pods-TasteHuntClient/Pods-TasteHuntClient-resources-${CONFIGURATION}-output-files.xcfilelist",
			);
			runOnlyForDeploymentPostprocessing = 0;
			shellPath = /bin/sh;
			shellScript = "\"${PODS_ROOT}/Target Support Files/Pods-TasteHuntClient/Pods-TasteHuntClient-resources.sh\"\n";
			showEnvVarsInLog = 0;
		};
		60EB282664A2C1D2FE4BA4CE /* [CP] Embed Pods Frameworks */ = {
			isa = PBXShellScriptBuildPhase;
			buildActionMask = 2147483647;
			files = (
			);
			inputFileListPaths = (
				"${PODS_ROOT}/Target Support Files/Pods-TasteHuntClient/Pods-TasteHuntClient-frameworks-${CONFIGURATION}-input-files.xcfilelist",
			);
			name = "[CP] Embed Pods Frameworks";
			outputFileListPaths = (
				"${PODS_ROOT}/Target Support Files/Pods-TasteHuntClient/Pods-TasteHuntClient-frameworks-${CONFIGURATION}-output-files.xcfilelist",
			);
			runOnlyForDeploymentPostprocessing = 0;
			shellPath = /bin/sh;
			shellScript = "\"${PODS_ROOT}/Target Support Files/Pods-TasteHuntClient/Pods-TasteHuntClient-frameworks.sh\"\n";
			showEnvVarsInLog = 0;
		};
		C7313A03D9319AB4D07C7B3E /* [CP] Check Pods Manifest.lock */ = {
			isa = PBXShellScriptBuildPhase;
			buildActionMask = 2147483647;
			files = (
			);
			inputFileListPaths = (
			);
			inputPaths = (
				"${PODS_PODFILE_DIR_PATH}/Podfile.lock",
				"${PODS_ROOT}/Manifest.lock",
			);
			name = "[CP] Check Pods Manifest.lock";
			outputFileListPaths = (
			);
			outputPaths = (
				"$(DERIVED_FILE_DIR)/Pods-TasteHuntClient-checkManifestLockResult.txt",
			);
			runOnlyForDeploymentPostprocessing = 0;
			shellPath = /bin/sh;
			shellScript = "diff \"${PODS_PODFILE_DIR_PATH}/Podfile.lock\" \"${PODS_ROOT}/Manifest.lock\" > /dev/null\nif [ $? != 0 ] ; then\n    # print error to STDERR\n    echo \"error: The sandbox is not in sync with the Podfile.lock. Run 'pod install' or update your CocoaPods installation.\" >&2\n    exit 1\nfi\n# This output is used by Xcode 'outputs' to avoid re-running this script phase.\necho \"SUCCESS\" > \"${SCRIPT_OUTPUT_FILE_0}\"\n";
			showEnvVarsInLog = 0;
		};
/* End PBXShellScriptBuildPhase section */

/* Begin PBXSourcesBuildPhase section */
		0C9F2C8229BC9A04009C4723 /* Sources */ = {
			isa = PBXSourcesBuildPhase;
			buildActionMask = 2147483647;
			files = (
				0C9F2CAC29BCA13D009C4723 /* ControllersListEnum.swift in Sources */,
				0C9F2CA729BC9B2A009C4723 /* ViewBackgroundColorEnum.swift in Sources */,
				0C9F2CAA29BCA0EF009C4723 /* UIViewControllerExtention.swift in Sources */,
				0C4BB14E29C37AE400CB1C2F /* VisitsController.swift in Sources */,
				0C9F2CF929C2B17A009C4723 /* TasteHuntProvider.swift in Sources */,
				0C9F2CB529BCFC7B009C4723 /* RegistrationViewController.swift in Sources */,
				0CBBBAC629C33AE0000BE862 /* GuestPublicModel.swift in Sources */,
				0C9F2CB729BD00EF009C4723 /* UITextFieldExtention.swift in Sources */,
				0C9F2CFF29C30CC2009C4723 /* GuestModel.swift in Sources */,
				0C9F2CB929BD03F3009C4723 /* UITextFieldTypeEnum.swift in Sources */,
				0C9F2CAF29BCA527009C4723 /* Environment.swift in Sources */,
				0C4BB15429C37B1800CB1C2F /* CafeProfileController.swift in Sources */,
				0C9F2CB229BCA5DE009C4723 /* LoginViewController.swift in Sources */,
				0CC62AC129C3115C00B13A5C /* AccessTokenModel.swift in Sources */,
				0C4BB15629C37B2900CB1C2F /* SettingsController.swift in Sources */,
				0C9F2CA029BC9A5C009C4723 /* BaseViewController.swift in Sources */,
				0C4BB14429C36E9A00CB1C2F /* TabbarController.swift in Sources */,
				0C9F2CC429BDFF8E009C4723 /* SelectKitchenCoollectionViewCell.swift in Sources */,
				0C9F2C8A29BC9A04009C4723 /* AppDelegate.swift in Sources */,
				0C4BB15C29C37DB200CB1C2F /* Segmentable.swift in Sources */,
				0C9F2C8C29BC9A04009C4723 /* SceneDelegate.swift in Sources */,
				0CC62AC329C329DB00B13A5C /* KitchenTypeEnum.swift in Sources */,
				0C4BB14729C3734500CB1C2F /* CafeControllers.swift in Sources */,
				0C4BB15029C37AF100CB1C2F /* VisitController.swift in Sources */,
				0C4BB15929C37D9300CB1C2F /* CustomSegmentControll.swift in Sources */,
				0C4BB15229C37B0400CB1C2F /* CreateVisitController.swift in Sources */,
				0C9F2CFB29C2B189009C4723 /* TasteHuntAPI.swift in Sources */,
				0C9F2CFD29C30BDA009C4723 /* NameExistingModel.swift in Sources */,
				0C4BB15E29C617F200CB1C2F /* CafeControllerDisplayTypeEnum.swift in Sources */,
			);
			runOnlyForDeploymentPostprocessing = 0;
		};
/* End PBXSourcesBuildPhase section */

/* Begin PBXVariantGroup section */
		0C9F2C8F29BC9A04009C4723 /* Main.storyboard */ = {
			isa = PBXVariantGroup;
			children = (
				0C9F2C9029BC9A04009C4723 /* Base */,
			);
			name = Main.storyboard;
			sourceTree = "<group>";
		};
		0C9F2C9429BC9A05009C4723 /* LaunchScreen.storyboard */ = {
			isa = PBXVariantGroup;
			children = (
				0C9F2C9529BC9A05009C4723 /* Base */,
			);
			name = LaunchScreen.storyboard;
			sourceTree = "<group>";
		};
/* End PBXVariantGroup section */

/* Begin XCBuildConfiguration section */
		0C9F2C9829BC9A05009C4723 /* Debug */ = {
			isa = XCBuildConfiguration;
			buildSettings = {
				ALWAYS_SEARCH_USER_PATHS = NO;
				CLANG_ANALYZER_NONNULL = YES;
				CLANG_ANALYZER_NUMBER_OBJECT_CONVERSION = YES_AGGRESSIVE;
				CLANG_CXX_LANGUAGE_STANDARD = "gnu++20";
				CLANG_ENABLE_MODULES = YES;
				CLANG_ENABLE_OBJC_ARC = YES;
				CLANG_ENABLE_OBJC_WEAK = YES;
				CLANG_WARN_BLOCK_CAPTURE_AUTORELEASING = YES;
				CLANG_WARN_BOOL_CONVERSION = YES;
				CLANG_WARN_COMMA = YES;
				CLANG_WARN_CONSTANT_CONVERSION = YES;
				CLANG_WARN_DEPRECATED_OBJC_IMPLEMENTATIONS = YES;
				CLANG_WARN_DIRECT_OBJC_ISA_USAGE = YES_ERROR;
				CLANG_WARN_DOCUMENTATION_COMMENTS = YES;
				CLANG_WARN_EMPTY_BODY = YES;
				CLANG_WARN_ENUM_CONVERSION = YES;
				CLANG_WARN_INFINITE_RECURSION = YES;
				CLANG_WARN_INT_CONVERSION = YES;
				CLANG_WARN_NON_LITERAL_NULL_CONVERSION = YES;
				CLANG_WARN_OBJC_IMPLICIT_RETAIN_SELF = YES;
				CLANG_WARN_OBJC_LITERAL_CONVERSION = YES;
				CLANG_WARN_OBJC_ROOT_CLASS = YES_ERROR;
				CLANG_WARN_QUOTED_INCLUDE_IN_FRAMEWORK_HEADER = YES;
				CLANG_WARN_RANGE_LOOP_ANALYSIS = YES;
				CLANG_WARN_STRICT_PROTOTYPES = YES;
				CLANG_WARN_SUSPICIOUS_MOVE = YES;
				CLANG_WARN_UNGUARDED_AVAILABILITY = YES_AGGRESSIVE;
				CLANG_WARN_UNREACHABLE_CODE = YES;
				CLANG_WARN__DUPLICATE_METHOD_MATCH = YES;
				COPY_PHASE_STRIP = NO;
				DEBUG_INFORMATION_FORMAT = dwarf;
				ENABLE_STRICT_OBJC_MSGSEND = YES;
				ENABLE_TESTABILITY = YES;
				GCC_C_LANGUAGE_STANDARD = gnu11;
				GCC_DYNAMIC_NO_PIC = NO;
				GCC_NO_COMMON_BLOCKS = YES;
				GCC_OPTIMIZATION_LEVEL = 0;
				GCC_PREPROCESSOR_DEFINITIONS = (
					"DEBUG=1",
					"$(inherited)",
				);
				GCC_WARN_64_TO_32_BIT_CONVERSION = YES;
				GCC_WARN_ABOUT_RETURN_TYPE = YES_ERROR;
				GCC_WARN_UNDECLARED_SELECTOR = YES;
				GCC_WARN_UNINITIALIZED_AUTOS = YES_AGGRESSIVE;
				GCC_WARN_UNUSED_FUNCTION = YES;
				GCC_WARN_UNUSED_VARIABLE = YES;
				IPHONEOS_DEPLOYMENT_TARGET = 16.2;
				MTL_ENABLE_DEBUG_INFO = INCLUDE_SOURCE;
				MTL_FAST_MATH = YES;
				ONLY_ACTIVE_ARCH = YES;
				SDKROOT = iphoneos;
				SWIFT_ACTIVE_COMPILATION_CONDITIONS = DEBUG;
				SWIFT_OPTIMIZATION_LEVEL = "-Onone";
			};
			name = Debug;
		};
		0C9F2C9929BC9A05009C4723 /* Release */ = {
			isa = XCBuildConfiguration;
			buildSettings = {
				ALWAYS_SEARCH_USER_PATHS = NO;
				CLANG_ANALYZER_NONNULL = YES;
				CLANG_ANALYZER_NUMBER_OBJECT_CONVERSION = YES_AGGRESSIVE;
				CLANG_CXX_LANGUAGE_STANDARD = "gnu++20";
				CLANG_ENABLE_MODULES = YES;
				CLANG_ENABLE_OBJC_ARC = YES;
				CLANG_ENABLE_OBJC_WEAK = YES;
				CLANG_WARN_BLOCK_CAPTURE_AUTORELEASING = YES;
				CLANG_WARN_BOOL_CONVERSION = YES;
				CLANG_WARN_COMMA = YES;
				CLANG_WARN_CONSTANT_CONVERSION = YES;
				CLANG_WARN_DEPRECATED_OBJC_IMPLEMENTATIONS = YES;
				CLANG_WARN_DIRECT_OBJC_ISA_USAGE = YES_ERROR;
				CLANG_WARN_DOCUMENTATION_COMMENTS = YES;
				CLANG_WARN_EMPTY_BODY = YES;
				CLANG_WARN_ENUM_CONVERSION = YES;
				CLANG_WARN_INFINITE_RECURSION = YES;
				CLANG_WARN_INT_CONVERSION = YES;
				CLANG_WARN_NON_LITERAL_NULL_CONVERSION = YES;
				CLANG_WARN_OBJC_IMPLICIT_RETAIN_SELF = YES;
				CLANG_WARN_OBJC_LITERAL_CONVERSION = YES;
				CLANG_WARN_OBJC_ROOT_CLASS = YES_ERROR;
				CLANG_WARN_QUOTED_INCLUDE_IN_FRAMEWORK_HEADER = YES;
				CLANG_WARN_RANGE_LOOP_ANALYSIS = YES;
				CLANG_WARN_STRICT_PROTOTYPES = YES;
				CLANG_WARN_SUSPICIOUS_MOVE = YES;
				CLANG_WARN_UNGUARDED_AVAILABILITY = YES_AGGRESSIVE;
				CLANG_WARN_UNREACHABLE_CODE = YES;
				CLANG_WARN__DUPLICATE_METHOD_MATCH = YES;
				COPY_PHASE_STRIP = NO;
				DEBUG_INFORMATION_FORMAT = "dwarf-with-dsym";
				ENABLE_NS_ASSERTIONS = NO;
				ENABLE_STRICT_OBJC_MSGSEND = YES;
				GCC_C_LANGUAGE_STANDARD = gnu11;
				GCC_NO_COMMON_BLOCKS = YES;
				GCC_WARN_64_TO_32_BIT_CONVERSION = YES;
				GCC_WARN_ABOUT_RETURN_TYPE = YES_ERROR;
				GCC_WARN_UNDECLARED_SELECTOR = YES;
				GCC_WARN_UNINITIALIZED_AUTOS = YES_AGGRESSIVE;
				GCC_WARN_UNUSED_FUNCTION = YES;
				GCC_WARN_UNUSED_VARIABLE = YES;
				IPHONEOS_DEPLOYMENT_TARGET = 16.2;
				MTL_ENABLE_DEBUG_INFO = NO;
				MTL_FAST_MATH = YES;
				SDKROOT = iphoneos;
				SWIFT_COMPILATION_MODE = wholemodule;
				SWIFT_OPTIMIZATION_LEVEL = "-O";
				VALIDATE_PRODUCT = YES;
			};
			name = Release;
		};
		0C9F2C9B29BC9A05009C4723 /* Debug */ = {
			isa = XCBuildConfiguration;
			baseConfigurationReference = E57B60CDB7BB9FA14747261C /* Pods-TasteHuntClient.debug.xcconfig */;
			buildSettings = {
				ASSETCATALOG_COMPILER_APPICON_NAME = AppIcon;
				ASSETCATALOG_COMPILER_GLOBAL_ACCENT_COLOR_NAME = AccentColor;
				CODE_SIGN_STYLE = Automatic;
				CURRENT_PROJECT_VERSION = 1;
				DEVELOPMENT_TEAM = VUW5HX9P38;
				GENERATE_INFOPLIST_FILE = YES;
				INFOPLIST_FILE = TasteHuntClient/Info.plist;
				INFOPLIST_KEY_UIApplicationSupportsIndirectInputEvents = YES;
				INFOPLIST_KEY_UILaunchStoryboardName = LaunchScreen;
				INFOPLIST_KEY_UIMainStoryboardFile = Main;
				INFOPLIST_KEY_UISupportedInterfaceOrientations_iPad = "UIInterfaceOrientationPortrait UIInterfaceOrientationPortraitUpsideDown UIInterfaceOrientationLandscapeLeft UIInterfaceOrientationLandscapeRight";
				INFOPLIST_KEY_UISupportedInterfaceOrientations_iPhone = "UIInterfaceOrientationPortrait UIInterfaceOrientationLandscapeLeft UIInterfaceOrientationLandscapeRight";
				LD_RUNPATH_SEARCH_PATHS = (
					"$(inherited)",
					"@executable_path/Frameworks",
				);
				MARKETING_VERSION = 1.0;
				PRODUCT_BUNDLE_IDENTIFIER = com.example.TasteHuntClient;
				PRODUCT_NAME = "$(TARGET_NAME)";
				SWIFT_EMIT_LOC_STRINGS = YES;
				SWIFT_VERSION = 5.0;
				TARGETED_DEVICE_FAMILY = "1,2";
			};
			name = Debug;
		};
		0C9F2C9C29BC9A05009C4723 /* Release */ = {
			isa = XCBuildConfiguration;
			baseConfigurationReference = D7893E71891A1F6B6C84A13E /* Pods-TasteHuntClient.release.xcconfig */;
			buildSettings = {
				ASSETCATALOG_COMPILER_APPICON_NAME = AppIcon;
				ASSETCATALOG_COMPILER_GLOBAL_ACCENT_COLOR_NAME = AccentColor;
				CODE_SIGN_STYLE = Automatic;
				CURRENT_PROJECT_VERSION = 1;
				DEVELOPMENT_TEAM = VUW5HX9P38;
				GENERATE_INFOPLIST_FILE = YES;
				INFOPLIST_FILE = TasteHuntClient/Info.plist;
				INFOPLIST_KEY_UIApplicationSupportsIndirectInputEvents = YES;
				INFOPLIST_KEY_UILaunchStoryboardName = LaunchScreen;
				INFOPLIST_KEY_UIMainStoryboardFile = Main;
				INFOPLIST_KEY_UISupportedInterfaceOrientations_iPad = "UIInterfaceOrientationPortrait UIInterfaceOrientationPortraitUpsideDown UIInterfaceOrientationLandscapeLeft UIInterfaceOrientationLandscapeRight";
				INFOPLIST_KEY_UISupportedInterfaceOrientations_iPhone = "UIInterfaceOrientationPortrait UIInterfaceOrientationLandscapeLeft UIInterfaceOrientationLandscapeRight";
				LD_RUNPATH_SEARCH_PATHS = (
					"$(inherited)",
					"@executable_path/Frameworks",
				);
				MARKETING_VERSION = 1.0;
				PRODUCT_BUNDLE_IDENTIFIER = com.example.TasteHuntClient;
				PRODUCT_NAME = "$(TARGET_NAME)";
				SWIFT_EMIT_LOC_STRINGS = YES;
				SWIFT_VERSION = 5.0;
				TARGETED_DEVICE_FAMILY = "1,2";
			};
			name = Release;
		};
/* End XCBuildConfiguration section */

/* Begin XCConfigurationList section */
		0C9F2C8129BC9A04009C4723 /* Build configuration list for PBXProject "TasteHuntClient" */ = {
			isa = XCConfigurationList;
			buildConfigurations = (
				0C9F2C9829BC9A05009C4723 /* Debug */,
				0C9F2C9929BC9A05009C4723 /* Release */,
			);
			defaultConfigurationIsVisible = 0;
			defaultConfigurationName = Release;
		};
		0C9F2C9A29BC9A05009C4723 /* Build configuration list for PBXNativeTarget "TasteHuntClient" */ = {
			isa = XCConfigurationList;
			buildConfigurations = (
				0C9F2C9B29BC9A05009C4723 /* Debug */,
				0C9F2C9C29BC9A05009C4723 /* Release */,
			);
			defaultConfigurationIsVisible = 0;
			defaultConfigurationName = Release;
		};
/* End XCConfigurationList section */

/* Begin XCRemoteSwiftPackageReference section */
		0C9F2CA129BC9A89009C4723 /* XCRemoteSwiftPackageReference "SnapKit" */ = {
			isa = XCRemoteSwiftPackageReference;
			repositoryURL = "https://github.com/SnapKit/SnapKit";
			requirement = {
				kind = upToNextMinorVersion;
				minimumVersion = 5.6.0;
			};
		};
		0CFFA15529C34EC7007051B1 /* XCRemoteSwiftPackageReference "SDWebImage" */ = {
			isa = XCRemoteSwiftPackageReference;
			repositoryURL = "https://github.com/SDWebImage/SDWebImage.git";
			requirement = {
				kind = upToNextMajorVersion;
				minimumVersion = 5.0.0;
			};
		};
/* End XCRemoteSwiftPackageReference section */

/* Begin XCSwiftPackageProductDependency section */
		0C9F2CA229BC9A89009C4723 /* SnapKit */ = {
			isa = XCSwiftPackageProductDependency;
			package = 0C9F2CA129BC9A89009C4723 /* XCRemoteSwiftPackageReference "SnapKit" */;
			productName = SnapKit;
		};
		0CFFA15629C34EC7007051B1 /* SDWebImage */ = {
			isa = XCSwiftPackageProductDependency;
			package = 0CFFA15529C34EC7007051B1 /* XCRemoteSwiftPackageReference "SDWebImage" */;
			productName = SDWebImage;
		};
/* End XCSwiftPackageProductDependency section */
	};
	rootObject = 0C9F2C7E29BC9A04009C4723 /* Project object */;
}
